
Microsoft Visual Studio Solution File, Format Version 12.00
# Visual Studio Version 16
VisualStudioVersion = 16.0.31019.35
MinimumVisualStudioVersion = 10.0.40219.1
Project("{9A19103F-16F7-4668-BE54-9A1E7A4F7556}") = "2.0", "2.0\2.0.csproj", "{6727B7EF-6C15-4EE1-9D38-D2557CDCC548}"
EndProject
Project("{FAE04EC0-301F-11D3-BF4B-00C04F79EFBC}") = "ClassLibrary", "ClassLibrary\ClassLibrary.csproj", "{6DC68ECB-9E33-42ED-A09B-D604D1CFFD12}"
EndProject
Global
	GlobalSection(SolutionConfigurationPlatforms) = preSolution
		Debug|Any CPU = Debug|Any CPU
		Release|Any CPU = Release|Any CPU
	EndGlobalSection
	GlobalSection(ProjectConfigurationPlatforms) = postSolution
		{6727B7EF-6C15-4EE1-9D38-D2557CDCC548}.Debug|Any CPU.ActiveCfg = Debug|Any CPU
		{6727B7EF-6C15-4EE1-9D38-D2557CDCC548}.Debug|Any CPU.Build.0 = Debug|Any CPU
		{6727B7EF-6C15-4EE1-9D38-D2557CDCC548}.Release|Any CPU.ActiveCfg = Release|Any CPU
		{6727B7EF-6C15-4EE1-9D38-D2557CDCC548}.Release|Any CPU.Build.0 = Release|Any CPU
		{6DC68ECB-9E33-42ED-A09B-D604D1CFFD12}.Debug|Any CPU.ActiveCfg = Debug|Any CPU
		{6DC68ECB-9E33-42ED-A09B-D604D1CFFD12}.Debug|Any CPU.Build.0 = Debug|Any CPU
		{6DC68ECB-9E33-42ED-A09B-D604D1CFFD12}.Release|Any CPU.ActiveCfg = Release|Any CPU
		{6DC68ECB-9E33-42ED-A09B-D604D1CFFD12}.Release|Any CPU.Build.0 = Release|Any CPU
	EndGlobalSection
	GlobalSection(SolutionProperties) = preSolution
		HideSolutionNode = FALSE
	EndGlobalSection
	GlobalSection(ExtensibilityGlobals) = postSolution
		SolutionGuid = {B29438B0-34CF-4846-94F1-1CCBB01EDD15}
	EndGlobalSection
EndGlobal
